
Microsoft Visual Studio Solution File, Format Version 12.00
# Visual Studio Version 16
VisualStudioVersion = 16.0.31112.23
MinimumVisualStudioVersion = 10.0.40219.1
Project("{FAE04EC0-301F-11D3-BF4B-00C04F79EFBC}") = "API", "API\API.csproj", "{BE72D027-34B4-43C4-9907-AC3DBDFD5DB0}"
EndProject
Project("{FAE04EC0-301F-11D3-BF4B-00C04F79EFBC}") = "Core", "Core\Core.csproj", "{97746B1C-8341-4D8B-8253-C9336D608FA7}"
EndProject
Global
	GlobalSection(SolutionConfigurationPlatforms) = preSolution
		Debug|Any CPU = Debug|Any CPU
		Release|Any CPU = Release|Any CPU
	EndGlobalSection
	GlobalSection(ProjectConfigurationPlatforms) = postSolution
		{BE72D027-34B4-43C4-9907-AC3DBDFD5DB0}.Debug|Any CPU.ActiveCfg = Debug|Any CPU
		{BE72D027-34B4-43C4-9907-AC3DBDFD5DB0}.Debug|Any CPU.Build.0 = Debug|Any CPU
		{BE72D027-34B4-43C4-9907-AC3DBDFD5DB0}.Release|Any CPU.ActiveCfg = Release|Any CPU
		{BE72D027-34B4-43C4-9907-AC3DBDFD5DB0}.Release|Any CPU.Build.0 = Release|Any CPU
		{97746B1C-8341-4D8B-8253-C9336D608FA7}.Debug|Any CPU.ActiveCfg = Debug|Any CPU
		{97746B1C-8341-4D8B-8253-C9336D608FA7}.Debug|Any CPU.Build.0 = Debug|Any CPU
		{97746B1C-8341-4D8B-8253-C9336D608FA7}.Release|Any CPU.ActiveCfg = Release|Any CPU
		{97746B1C-8341-4D8B-8253-C9336D608FA7}.Release|Any CPU.Build.0 = Release|Any CPU
	EndGlobalSection
	GlobalSection(SolutionProperties) = preSolution
		HideSolutionNode = FALSE
	EndGlobalSection
	GlobalSection(ExtensibilityGlobals) = postSolution
		SolutionGuid = {B83083E5-380A-4E5B-9C4F-0E1300BA6852}
	EndGlobalSection
EndGlobal
